{
    "_readme": [
        "This file locks the dependencies of your project to a known state",
        "Read more about it at https://getcomposer.org/doc/01-basic-usage.md#installing-dependencies",
        "This file is @generated automatically"
    ],
    "content-hash": "3c2ee85f8c3148e6985c6a0644b59a21",
    "packages": [
        {
            "name": "alexgarrett/violin",
            "version": "2.2.2",
            "source": {
                "type": "git",
                "url": "https://github.com/alexgarrett/violin.git",
                "reference": "92d0ee5d0e7cc1703fe937772c313721fdb86cdc"
            },
            "dist": {
                "type": "zip",
                "url": "https://api.github.com/repos/alexgarrett/violin/zipball/92d0ee5d0e7cc1703fe937772c313721fdb86cdc",
                "reference": "92d0ee5d0e7cc1703fe937772c313721fdb86cdc",
                "shasum": ""
            },
            "require": {
                "php": ">=5.4"
            },
            "require-dev": {
                "phpunit/phpunit": "~4.5",
                "squizlabs/php_codesniffer": "2.1.*"
            },
            "type": "library",
            "autoload": {
                "psr-4": {
                    "Violin\\": "src/"
                }
            },
            "notification-url": "https://packagist.org/downloads/",
            "license": [
                "MIT"
            ],
            "authors": [
                {
                    "name": "Alex Garrett",
                    "email": "alex@codecourse.com",
                    "homepage": "http://itsmealex.com"
                }
            ],
            "description": "Violin is an easy to use, highly customisable PHP validator.",
            "homepage": "https://github.com/alexgarrett/violin",
            "keywords": [
                "validation"
            ],
            "time": "2015-04-11T22:58:34+00:00"
        },
        {
            "name": "doctrine/inflector",
            "version": "v1.3.0",
            "source": {
                "type": "git",
                "url": "https://github.com/doctrine/inflector.git",
                "reference": "5527a48b7313d15261292c149e55e26eae771b0a"
            },
            "dist": {
                "type": "zip",
                "url": "https://api.github.com/repos/doctrine/inflector/zipball/5527a48b7313d15261292c149e55e26eae771b0a",
                "reference": "5527a48b7313d15261292c149e55e26eae771b0a",
                "shasum": ""
            },
            "require": {
                "php": "^7.1"
            },
            "require-dev": {
                "phpunit/phpunit": "^6.2"
            },
            "type": "library",
            "extra": {
                "branch-alias": {
                    "dev-master": "1.3.x-dev"
                }
            },
            "autoload": {
                "psr-4": {
                    "Doctrine\\Common\\Inflector\\": "lib/Doctrine/Common/Inflector"
                }
            },
            "notification-url": "https://packagist.org/downloads/",
            "license": [
                "MIT"
            ],
            "authors": [
                {
                    "name": "Roman Borschel",
                    "email": "roman@code-factory.org"
                },
                {
                    "name": "Benjamin Eberlei",
                    "email": "kontakt@beberlei.de"
                },
                {
                    "name": "Guilherme Blanco",
                    "email": "guilhermeblanco@gmail.com"
                },
                {
                    "name": "Jonathan Wage",
                    "email": "jonwage@gmail.com"
                },
                {
                    "name": "Johannes Schmitt",
                    "email": "schmittjoh@gmail.com"
                }
            ],
            "description": "Common String Manipulations with regard to casing and singular/plural rules.",
            "homepage": "http://www.doctrine-project.org",
            "keywords": [
                "inflection",
                "pluralize",
                "singularize",
                "string"
            ],
            "time": "2018-01-09T20:05:19+00:00"
        },
        {
            "name": "hassankhan/config",
            "version": "0.8.2",
            "source": {
                "type": "git",
                "url": "https://github.com/hassankhan/config.git",
                "reference": "42ba051954745b565306f0f82c57814f54579f8d"
            },
            "dist": {
                "type": "zip",
                "url": "https://api.github.com/repos/hassankhan/config/zipball/42ba051954745b565306f0f82c57814f54579f8d",
                "reference": "42ba051954745b565306f0f82c57814f54579f8d",
                "shasum": ""
            },
            "require": {
                "php": ">=5.3.0"
            },
            "require-dev": {
                "phpunit/phpunit": "~4.0",
                "scrutinizer/ocular": "~1.1",
                "squizlabs/php_codesniffer": "~2.2"
            },
            "suggest": {
                "symfony/yaml": "~2.5"
            },
            "type": "library",
            "autoload": {
                "psr-4": {
                    "Noodlehaus\\": "src"
                }
            },
            "notification-url": "https://packagist.org/downloads/",
            "license": [
                "MIT"
            ],
            "authors": [
                {
                    "name": "Hassan Khan",
                    "homepage": "http://hassankhan.me/",
                    "role": "Developer"
                }
            ],
            "description": "Lightweight configuration file loader that supports PHP, INI, XML, JSON, and YAML files",
            "homepage": "http://hassankhan.me/config/",
            "keywords": [
                "config",
                "configuration",
                "ini",
                "json",
                "microphp",
                "unframework",
                "xml",
                "yaml",
                "yml"
            ],
            "time": "2015-03-21T11:21:39+00:00"
        },
        {
            "name": "illuminate/container",
            "version": "v5.8.9",
            "source": {
                "type": "git",
                "url": "https://github.com/illuminate/container.git",
                "reference": "b984960d2634c6be97b0dd368a8953e8c4e06ec7"
            },
            "dist": {
                "type": "zip",
                "url": "https://api.github.com/repos/illuminate/container/zipball/b984960d2634c6be97b0dd368a8953e8c4e06ec7",
                "reference": "b984960d2634c6be97b0dd368a8953e8c4e06ec7",
                "shasum": ""
            },
            "require": {
                "illuminate/contracts": "5.8.*",
                "illuminate/support": "5.8.*",
                "php": "^7.1.3",
                "psr/container": "^1.0"
            },
            "type": "library",
            "extra": {
                "branch-alias": {
                    "dev-master": "5.8-dev"
                }
            },
            "autoload": {
                "psr-4": {
                    "Illuminate\\Container\\": ""
                }
            },
            "notification-url": "https://packagist.org/downloads/",
            "license": [
                "MIT"
            ],
            "authors": [
                {
                    "name": "Taylor Otwell",
                    "email": "taylor@laravel.com"
                }
            ],
            "description": "The Illuminate Container package.",
            "homepage": "https://laravel.com",
            "time": "2019-03-03T15:13:35+00:00"
        },
        {
            "name": "illuminate/contracts",
            "version": "v5.8.9",
            "source": {
                "type": "git",
                "url": "https://github.com/illuminate/contracts.git",
                "reference": "7224ed316427ae5f67c4888679bbf7f6e7773660"
            },
            "dist": {
                "type": "zip",
                "url": "https://api.github.com/repos/illuminate/contracts/zipball/7224ed316427ae5f67c4888679bbf7f6e7773660",
                "reference": "7224ed316427ae5f67c4888679bbf7f6e7773660",
                "shasum": ""
            },
            "require": {
                "php": "^7.1.3",
                "psr/container": "^1.0",
                "psr/simple-cache": "^1.0"
            },
            "type": "library",
            "extra": {
                "branch-alias": {
                    "dev-master": "5.8-dev"
                }
            },
            "autoload": {
                "psr-4": {
                    "Illuminate\\Contracts\\": ""
                }
            },
            "notification-url": "https://packagist.org/downloads/",
            "license": [
                "MIT"
            ],
            "authors": [
                {
                    "name": "Taylor Otwell",
                    "email": "taylor@laravel.com"
                }
            ],
            "description": "The Illuminate Contracts package.",
            "homepage": "https://laravel.com",
            "time": "2019-03-06T19:39:19+00:00"
        },
        {
            "name": "illuminate/database",
            "version": "v5.8.9",
            "source": {
                "type": "git",
                "url": "https://github.com/illuminate/database.git",
                "reference": "4d5fd9170c8e8afba599cffd20744b7d8787ac79"
            },
            "dist": {
                "type": "zip",
                "url": "https://api.github.com/repos/illuminate/database/zipball/4d5fd9170c8e8afba599cffd20744b7d8787ac79",
                "reference": "4d5fd9170c8e8afba599cffd20744b7d8787ac79",
                "shasum": ""
            },
            "require": {
                "ext-json": "*",
                "illuminate/container": "5.8.*",
                "illuminate/contracts": "5.8.*",
                "illuminate/support": "5.8.*",
                "php": "^7.1.3"
            },
            "suggest": {
                "doctrine/dbal": "Required to rename columns and drop SQLite columns (^2.6).",
                "fzaninotto/faker": "Required to use the eloquent factory builder (^1.4).",
                "illuminate/console": "Required to use the database commands (5.8.*).",
                "illuminate/events": "Required to use the observers with Eloquent (5.8.*).",
                "illuminate/filesystem": "Required to use the migrations (5.8.*).",
                "illuminate/pagination": "Required to paginate the result set (5.8.*)."
            },
            "type": "library",
            "extra": {
                "branch-alias": {
                    "dev-master": "5.8-dev"
                }
            },
            "autoload": {
                "psr-4": {
                    "Illuminate\\Database\\": ""
                }
            },
            "notification-url": "https://packagist.org/downloads/",
            "license": [
                "MIT"
            ],
            "authors": [
                {
                    "name": "Taylor Otwell",
                    "email": "taylor@laravel.com"
                }
            ],
            "description": "The Illuminate Database package.",
            "homepage": "https://laravel.com",
            "keywords": [
                "database",
                "laravel",
                "orm",
                "sql"
            ],
            "time": "2019-04-01T05:04:37+00:00"
        },
        {
            "name": "illuminate/support",
            "version": "v5.8.9",
            "source": {
                "type": "git",
                "url": "https://github.com/illuminate/support.git",
                "reference": "e275519c58246cc4011c798f9b0a0f83aae2aab7"
            },
            "dist": {
                "type": "zip",
                "url": "https://api.github.com/repos/illuminate/support/zipball/e275519c58246cc4011c798f9b0a0f83aae2aab7",
                "reference": "e275519c58246cc4011c798f9b0a0f83aae2aab7",
                "shasum": ""
            },
            "require": {
                "doctrine/inflector": "^1.1",
                "ext-json": "*",
                "ext-mbstring": "*",
                "illuminate/contracts": "5.8.*",
                "nesbot/carbon": "^1.26.3 || ^2.0",
                "php": "^7.1.3"
            },
            "conflict": {
                "tightenco/collect": "<5.5.33"
            },
            "suggest": {
                "illuminate/filesystem": "Required to use the composer class (5.8.*).",
                "moontoast/math": "Required to use ordered UUIDs (^1.1).",
                "ramsey/uuid": "Required to use Str::uuid() (^3.7).",
                "symfony/process": "Required to use the composer class (^4.2).",
                "symfony/var-dumper": "Required to use the dd function (^4.2).",
                "vlucas/phpdotenv": "Required to use the env helper (^3.3)."
            },
            "type": "library",
            "extra": {
                "branch-alias": {
                    "dev-master": "5.8-dev"
                }
            },
            "autoload": {
                "psr-4": {
                    "Illuminate\\Support\\": ""
                },
                "files": [
                    "helpers.php"
                ]
            },
            "notification-url": "https://packagist.org/downloads/",
            "license": [
                "MIT"
            ],
            "authors": [
                {
                    "name": "Taylor Otwell",
                    "email": "taylor@laravel.com"
                }
            ],
            "description": "The Illuminate Support package.",
            "homepage": "https://laravel.com",
            "time": "2019-04-01T19:02:05+00:00"
        },
        {
            "name": "ircmaxell/random-lib",
            "version": "v1.2.0",
            "source": {
                "type": "git",
                "url": "https://github.com/ircmaxell/RandomLib.git",
                "reference": "e9e0204f40e49fa4419946c677eccd3fa25b8cf4"
            },
            "dist": {
                "type": "zip",
                "url": "https://api.github.com/repos/ircmaxell/RandomLib/zipball/e9e0204f40e49fa4419946c677eccd3fa25b8cf4",
                "reference": "e9e0204f40e49fa4419946c677eccd3fa25b8cf4",
                "shasum": ""
            },
            "require": {
                "ircmaxell/security-lib": "^1.1",
                "php": ">=5.3.2"
            },
            "require-dev": {
                "friendsofphp/php-cs-fixer": "^1.11",
                "mikey179/vfsstream": "^1.6",
                "phpunit/phpunit": "^4.8|^5.0"
            },
            "type": "library",
            "extra": {
                "branch-alias": {
                    "dev-master": "1.1.x-dev"
                }
            },
            "autoload": {
                "psr-0": {
                    "RandomLib": "lib"
                }
            },
            "notification-url": "https://packagist.org/downloads/",
            "license": [
                "MIT"
            ],
            "authors": [
                {
                    "name": "Anthony Ferrara",
                    "email": "ircmaxell@ircmaxell.com",
                    "homepage": "http://blog.ircmaxell.com"
                }
            ],
            "description": "A Library For Generating Secure Random Numbers",
            "homepage": "https://github.com/ircmaxell/RandomLib",
            "keywords": [
                "cryptography",
                "random",
                "random-numbers",
                "random-strings"
            ],
            "time": "2016-09-07T15:52:06+00:00"
        },
        {
            "name": "ircmaxell/security-lib",
            "version": "v1.1.0",
            "source": {
                "type": "git",
                "url": "https://github.com/ircmaxell/SecurityLib.git",
                "reference": "f3db6de12c20c9bcd1aa3db4353a1bbe0e44e1b5"
            },
            "dist": {
                "type": "zip",
                "url": "https://api.github.com/repos/ircmaxell/SecurityLib/zipball/f3db6de12c20c9bcd1aa3db4353a1bbe0e44e1b5",
                "reference": "f3db6de12c20c9bcd1aa3db4353a1bbe0e44e1b5",
                "shasum": ""
            },
            "require": {
                "php": ">=5.3.2"
            },
            "require-dev": {
                "mikey179/vfsstream": "1.1.*"
            },
            "type": "library",
            "extra": {
                "branch-alias": {
                    "dev-master": "1.0.x-dev"
                }
            },
            "autoload": {
                "psr-0": {
                    "SecurityLib": "lib"
                }
            },
            "notification-url": "https://packagist.org/downloads/",
            "license": [
                "MIT"
            ],
            "authors": [
                {
                    "name": "Anthony Ferrara",
                    "email": "ircmaxell@ircmaxell.com",
                    "homepage": "http://blog.ircmaxell.com"
                }
            ],
            "description": "A Base Security Library",
            "homepage": "https://github.com/ircmaxell/SecurityLib",
            "time": "2015-03-20T14:31:23+00:00"
        },
        {
            "name": "nesbot/carbon",
            "version": "2.16.3",
            "source": {
                "type": "git",
                "url": "https://github.com/briannesbitt/Carbon.git",
                "reference": "373d9f0d58651af366435148c39beb702c2b7ef4"
            },
            "dist": {
                "type": "zip",
                "url": "https://api.github.com/repos/briannesbitt/Carbon/zipball/373d9f0d58651af366435148c39beb702c2b7ef4",
                "reference": "373d9f0d58651af366435148c39beb702c2b7ef4",
                "shasum": ""
            },
            "require": {
                "ext-json": "*",
                "php": "^7.1.8 || ^8.0",
                "symfony/translation": "^3.4 || ^4.0"
            },
            "require-dev": {
                "friendsofphp/php-cs-fixer": "^2.14 || ^3.0",
                "kylekatarnls/multi-tester": "^0.1",
                "phpmd/phpmd": "^2.6",
                "phpstan/phpstan": "^0.10.8",
                "phpunit/phpunit": "^7.5 || ^8.0",
                "squizlabs/php_codesniffer": "^3.4"
            },
            "type": "library",
            "extra": {
                "laravel": {
                    "providers": [
                        "Carbon\\Laravel\\ServiceProvider"
                    ]
                }
            },
            "autoload": {
                "psr-4": {
                    "Carbon\\": "src/Carbon/"
                }
            },
            "notification-url": "https://packagist.org/downloads/",
            "license": [
                "MIT"
            ],
            "authors": [
                {
                    "name": "Brian Nesbitt",
                    "email": "brian@nesbot.com",
                    "homepage": "http://nesbot.com"
                }
            ],
            "description": "A simple API extension for DateTime.",
            "homepage": "http://carbon.nesbot.com",
            "keywords": [
                "date",
                "datetime",
                "time"
            ],
            "time": "2019-04-06T17:09:23+00:00"
        },
        {
            "name": "phpmailer/phpmailer",
            "version": "v5.2.27",
            "source": {
                "type": "git",
                "url": "https://github.com/PHPMailer/PHPMailer.git",
                "reference": "dde1db116511aa4956389d75546c5be4c2beb2a6"
            },
            "dist": {
                "type": "zip",
                "url": "https://api.github.com/repos/PHPMailer/PHPMailer/zipball/dde1db116511aa4956389d75546c5be4c2beb2a6",
                "reference": "dde1db116511aa4956389d75546c5be4c2beb2a6",
                "shasum": ""
            },
            "require": {
                "ext-ctype": "*",
                "php": ">=5.0.0"
            },
            "require-dev": {
                "doctrine/annotations": "1.2.*",
                "jms/serializer": "0.16.*",
                "phpdocumentor/phpdocumentor": "2.*",
                "phpunit/phpunit": "4.8.*",
                "symfony/debug": "2.8.*",
                "symfony/filesystem": "2.8.*",
                "symfony/translation": "2.8.*",
                "symfony/yaml": "2.8.*",
                "zendframework/zend-cache": "2.5.1",
                "zendframework/zend-config": "2.5.1",
                "zendframework/zend-eventmanager": "2.5.1",
                "zendframework/zend-filter": "2.5.1",
                "zendframework/zend-i18n": "2.5.1",
                "zendframework/zend-json": "2.5.1",
                "zendframework/zend-math": "2.5.1",
                "zendframework/zend-serializer": "2.5.*",
                "zendframework/zend-servicemanager": "2.5.*",
                "zendframework/zend-stdlib": "2.5.1"
            },
            "suggest": {
                "league/oauth2-google": "Needed for Google XOAUTH2 authentication"
            },
            "type": "library",
            "autoload": {
                "classmap": [
                    "class.phpmailer.php",
                    "class.phpmaileroauth.php",
                    "class.phpmaileroauthgoogle.php",
                    "class.smtp.php",
                    "class.pop3.php",
                    "extras/EasyPeasyICS.php",
                    "extras/ntlm_sasl_client.php"
                ]
            },
            "notification-url": "https://packagist.org/downloads/",
            "license": [
                "LGPL-2.1"
            ],
            "authors": [
                {
                    "name": "Jim Jagielski",
                    "email": "jimjag@gmail.com"
                },
                {
                    "name": "Marcus Bointon",
                    "email": "phpmailer@synchromedia.co.uk"
                },
                {
                    "name": "Andy Prevost",
                    "email": "codeworxtech@users.sourceforge.net"
                },
                {
                    "name": "Brent R. Matzelle"
                }
            ],
            "description": "PHPMailer is a full-featured email creation and transfer class for PHP",
            "time": "2018-11-15T22:32:31+00:00"
        },
        {
            "name": "psr/container",
            "version": "1.0.0",
            "source": {
                "type": "git",
                "url": "https://github.com/php-fig/container.git",
                "reference": "b7ce3b176482dbbc1245ebf52b181af44c2cf55f"
            },
            "dist": {
                "type": "zip",
                "url": "https://api.github.com/repos/php-fig/container/zipball/b7ce3b176482dbbc1245ebf52b181af44c2cf55f",
                "reference": "b7ce3b176482dbbc1245ebf52b181af44c2cf55f",
                "shasum": ""
            },
            "require": {
                "php": ">=5.3.0"
            },
            "type": "library",
            "extra": {
                "branch-alias": {
                    "dev-master": "1.0.x-dev"
                }
            },
            "autoload": {
                "psr-4": {
                    "Psr\\Container\\": "src/"
                }
            },
            "notification-url": "https://packagist.org/downloads/",
            "license": [
                "MIT"
            ],
            "authors": [
                {
                    "name": "PHP-FIG",
                    "homepage": "http://www.php-fig.org/"
                }
            ],
            "description": "Common Container Interface (PHP FIG PSR-11)",
            "homepage": "https://github.com/php-fig/container",
            "keywords": [
                "PSR-11",
                "container",
                "container-interface",
                "container-interop",
                "psr"
            ],
            "time": "2017-02-14T16:28:37+00:00"
        },
        {
            "name": "psr/simple-cache",
            "version": "1.0.1",
            "source": {
                "type": "git",
                "url": "https://github.com/php-fig/simple-cache.git",
                "reference": "408d5eafb83c57f6365a3ca330ff23aa4a5fa39b"
            },
            "dist": {
                "type": "zip",
                "url": "https://api.github.com/repos/php-fig/simple-cache/zipball/408d5eafb83c57f6365a3ca330ff23aa4a5fa39b",
                "reference": "408d5eafb83c57f6365a3ca330ff23aa4a5fa39b",
                "shasum": ""
            },
            "require": {
                "php": ">=5.3.0"
            },
            "type": "library",
            "extra": {
                "branch-alias": {
                    "dev-master": "1.0.x-dev"
                }
            },
            "autoload": {
                "psr-4": {
                    "Psr\\SimpleCache\\": "src/"
                }
            },
            "notification-url": "https://packagist.org/downloads/",
            "license": [
                "MIT"
            ],
            "authors": [
                {
                    "name": "PHP-FIG",
                    "homepage": "http://www.php-fig.org/"
                }
            ],
            "description": "Common interfaces for simple caching",
            "keywords": [
                "cache",
                "caching",
                "psr",
                "psr-16",
                "simple-cache"
            ],
            "time": "2017-10-23T01:57:42+00:00"
        },
        {
            "name": "slim/slim",
            "version": "2.6.3",
            "source": {
                "type": "git",
                "url": "https://github.com/slimphp/Slim.git",
                "reference": "9224ed81ac1c412881e8d762755e3d76ebf580c0"
            },
            "dist": {
                "type": "zip",
                "url": "https://api.github.com/repos/slimphp/Slim/zipball/9224ed81ac1c412881e8d762755e3d76ebf580c0",
                "reference": "9224ed81ac1c412881e8d762755e3d76ebf580c0",
                "shasum": ""
            },
            "require": {
                "php": ">=5.3.0"
            },
            "suggest": {
                "ext-mcrypt": "Required for HTTP cookie encryption",
                "phpseclib/mcrypt_compat": "Polyfil for mcrypt extension"
            },
            "type": "library",
            "autoload": {
                "psr-0": {
                    "Slim": "."
                }
            },
            "notification-url": "https://packagist.org/downloads/",
            "license": [
                "MIT"
            ],
            "authors": [
                {
                    "name": "Josh Lockhart",
                    "email": "info@joshlockhart.com",
                    "homepage": "http://www.joshlockhart.com/"
                }
            ],
            "description": "Slim Framework, a PHP micro framework",
            "homepage": "http://github.com/codeguy/Slim",
            "keywords": [
                "microframework",
                "rest",
                "router"
            ],
            "time": "2017-01-07T12:21:41+00:00"
        },
        {
            "name": "slim/views",
            "version": "0.1.3",
            "source": {
                "type": "git",
                "url": "https://github.com/slimphp/Slim-Views.git",
                "reference": "8561c785e55a39df6cb6f95c3aba3281a60ed5b0"
            },
            "dist": {
                "type": "zip",
                "url": "https://api.github.com/repos/slimphp/Slim-Views/zipball/8561c785e55a39df6cb6f95c3aba3281a60ed5b0",
                "reference": "8561c785e55a39df6cb6f95c3aba3281a60ed5b0",
                "shasum": ""
            },
            "require": {
                "php": ">=5.3.0",
                "slim/slim": ">=2.4.0"
            },
            "suggest": {
                "smarty/smarty": "Smarty templating system",
                "twig/twig": "Twig templating system"
            },
            "type": "library",
            "autoload": {
                "psr-4": {
                    "Slim\\Views\\": "./"
                }
            },
            "notification-url": "https://packagist.org/downloads/",
            "license": [
                "MIT"
            ],
            "authors": [
                {
                    "name": "Josh Lockhart",
                    "email": "info@joshlockhart.com",
                    "homepage": "http://www.joshlockhart.com/"
                },
                {
                    "name": "Andrew Smith",
                    "email": "a.smith@silentworks.co.uk",
                    "homepage": "http://thoughts.silentworks.co.uk/"
                }
            ],
            "description": "Smarty and Twig View Parser package for the Slim Framework",
            "homepage": "http://github.com/codeguy/Slim-Views",
            "keywords": [
                "extensions",
                "slimphp",
                "templating"
            ],
            "time": "2014-12-09T23:48:51+00:00"
        },
        {
            "name": "symfony/contracts",
            "version": "v1.0.2",
            "source": {
                "type": "git",
                "url": "https://github.com/symfony/contracts.git",
                "reference": "1aa7ab2429c3d594dd70689604b5cf7421254cdf"
            },
            "dist": {
                "type": "zip",
                "url": "https://api.github.com/repos/symfony/contracts/zipball/1aa7ab2429c3d594dd70689604b5cf7421254cdf",
                "reference": "1aa7ab2429c3d594dd70689604b5cf7421254cdf",
                "shasum": ""
            },
            "require": {
                "php": "^7.1.3"
            },
            "require-dev": {
                "psr/cache": "^1.0",
                "psr/container": "^1.0"
            },
            "suggest": {
                "psr/cache": "When using the Cache contracts",
                "psr/container": "When using the Service contracts",
                "symfony/cache-contracts-implementation": "",
                "symfony/service-contracts-implementation": "",
                "symfony/translation-contracts-implementation": ""
            },
            "type": "library",
            "extra": {
                "branch-alias": {
                    "dev-master": "1.0-dev"
                }
            },
            "autoload": {
                "psr-4": {
                    "Symfony\\Contracts\\": ""
                },
                "exclude-from-classmap": [
                    "**/Tests/"
                ]
            },
            "notification-url": "https://packagist.org/downloads/",
            "license": [
                "MIT"
            ],
            "authors": [
                {
                    "name": "Nicolas Grekas",
                    "email": "p@tchwork.com"
                },
                {
                    "name": "Symfony Community",
                    "homepage": "https://symfony.com/contributors"
                }
            ],
            "description": "A set of abstractions extracted out of the Symfony components",
            "homepage": "https://symfony.com",
            "keywords": [
                "abstractions",
                "contracts",
                "decoupling",
                "interfaces",
                "interoperability",
                "standards"
            ],
            "time": "2018-12-05T08:06:11+00:00"
        },
        {
            "name": "symfony/polyfill-ctype",
            "version": "v1.11.0",
            "source": {
                "type": "git",
                "url": "https://github.com/symfony/polyfill-ctype.git",
                "reference": "82ebae02209c21113908c229e9883c419720738a"
            },
            "dist": {
                "type": "zip",
                "url": "https://api.github.com/repos/symfony/polyfill-ctype/zipball/82ebae02209c21113908c229e9883c419720738a",
                "reference": "82ebae02209c21113908c229e9883c419720738a",
                "shasum": ""
            },
            "require": {
                "php": ">=5.3.3"
            },
            "suggest": {
                "ext-ctype": "For best performance"
            },
            "type": "library",
            "extra": {
                "branch-alias": {
                    "dev-master": "1.11-dev"
                }
            },
            "autoload": {
                "psr-4": {
                    "Symfony\\Polyfill\\Ctype\\": ""
                },
                "files": [
                    "bootstrap.php"
                ]
            },
            "notification-url": "https://packagist.org/downloads/",
            "license": [
                "MIT"
            ],
            "authors": [
                {
                    "name": "Symfony Community",
                    "homepage": "https://symfony.com/contributors"
                },
                {
                    "name": "Gert de Pagter",
                    "email": "backendtea@gmail.com"
                }
            ],
            "description": "Symfony polyfill for ctype functions",
            "homepage": "https://symfony.com",
            "keywords": [
                "compatibility",
                "ctype",
                "polyfill",
                "portable"
            ],
            "time": "2019-02-06T07:57:58+00:00"
        },
        {
            "name": "symfony/polyfill-mbstring",
            "version": "v1.11.0",
            "source": {
                "type": "git",
                "url": "https://github.com/symfony/polyfill-mbstring.git",
                "reference": "fe5e94c604826c35a32fa832f35bd036b6799609"
            },
            "dist": {
                "type": "zip",
                "url": "https://api.github.com/repos/symfony/polyfill-mbstring/zipball/fe5e94c604826c35a32fa832f35bd036b6799609",
                "reference": "fe5e94c604826c35a32fa832f35bd036b6799609",
                "shasum": ""
            },
            "require": {
                "php": ">=5.3.3"
            },
            "suggest": {
                "ext-mbstring": "For best performance"
            },
            "type": "library",
            "extra": {
                "branch-alias": {
                    "dev-master": "1.11-dev"
                }
            },
            "autoload": {
                "psr-4": {
                    "Symfony\\Polyfill\\Mbstring\\": ""
                },
                "files": [
                    "bootstrap.php"
                ]
            },
            "notification-url": "https://packagist.org/downloads/",
            "license": [
                "MIT"
            ],
            "authors": [
                {
                    "name": "Nicolas Grekas",
                    "email": "p@tchwork.com"
                },
                {
                    "name": "Symfony Community",
                    "homepage": "https://symfony.com/contributors"
                }
            ],
            "description": "Symfony polyfill for the Mbstring extension",
            "homepage": "https://symfony.com",
            "keywords": [
                "compatibility",
                "mbstring",
                "polyfill",
                "portable",
                "shim"
            ],
            "time": "2019-02-06T07:57:58+00:00"
        },
        {
            "name": "symfony/translation",
            "version": "v4.2.5",
            "source": {
                "type": "git",
                "url": "https://github.com/symfony/translation.git",
                "reference": "e46933cc31b68f51f7fc5470fb55550407520f56"
            },
            "dist": {
                "type": "zip",
                "url": "https://api.github.com/repos/symfony/translation/zipball/e46933cc31b68f51f7fc5470fb55550407520f56",
                "reference": "e46933cc31b68f51f7fc5470fb55550407520f56",
                "shasum": ""
            },
            "require": {
                "php": "^7.1.3",
                "symfony/contracts": "^1.0.2",
                "symfony/polyfill-mbstring": "~1.0"
            },
            "conflict": {
                "symfony/config": "<3.4",
                "symfony/dependency-injection": "<3.4",
                "symfony/yaml": "<3.4"
            },
            "provide": {
                "symfony/translation-contracts-implementation": "1.0"
            },
            "require-dev": {
                "psr/log": "~1.0",
                "symfony/config": "~3.4|~4.0",
                "symfony/console": "~3.4|~4.0",
                "symfony/dependency-injection": "~3.4|~4.0",
                "symfony/finder": "~2.8|~3.0|~4.0",
                "symfony/intl": "~3.4|~4.0",
                "symfony/yaml": "~3.4|~4.0"
            },
            "suggest": {
                "psr/log-implementation": "To use logging capability in translator",
                "symfony/config": "",
                "symfony/yaml": ""
            },
            "type": "library",
            "extra": {
                "branch-alias": {
                    "dev-master": "4.2-dev"
                }
            },
            "autoload": {
                "psr-4": {
                    "Symfony\\Component\\Translation\\": ""
                },
                "exclude-from-classmap": [
                    "/Tests/"
                ]
            },
            "notification-url": "https://packagist.org/downloads/",
            "license": [
                "MIT"
            ],
            "authors": [
                {
                    "name": "Fabien Potencier",
                    "email": "fabien@symfony.com"
                },
                {
                    "name": "Symfony Community",
                    "homepage": "https://symfony.com/contributors"
                }
            ],
            "description": "Symfony Translation Component",
            "homepage": "https://symfony.com",
            "time": "2019-04-01T14:13:08+00:00"
        },
        {
            "name": "twig/twig",
            "version": "v1.38.4",
            "source": {
                "type": "git",
                "url": "https://github.com/twigphp/Twig.git",
                "reference": "7732e9e7017d751313811bd118de61302e9c8b35"
            },
            "dist": {
                "type": "zip",
                "url": "https://api.github.com/repos/twigphp/Twig/zipball/7732e9e7017d751313811bd118de61302e9c8b35",
                "reference": "7732e9e7017d751313811bd118de61302e9c8b35",
                "shasum": ""
            },
            "require": {
                "php": ">=5.4.0",
                "symfony/polyfill-ctype": "^1.8"
            },
            "require-dev": {
                "psr/container": "^1.0",
                "symfony/debug": "^2.7",
                "symfony/phpunit-bridge": "^3.4.19|^4.1.8"
            },
            "type": "library",
            "extra": {
                "branch-alias": {
                    "dev-master": "1.38-dev"
                }
            },
            "autoload": {
                "psr-0": {
                    "Twig_": "lib/"
                },
                "psr-4": {
                    "Twig\\": "src/"
                }
            },
            "notification-url": "https://packagist.org/downloads/",
            "license": [
                "BSD-3-Clause"
            ],
            "authors": [
                {
                    "name": "Fabien Potencier",
                    "email": "fabien@symfony.com",
                    "homepage": "http://fabien.potencier.org",
                    "role": "Lead Developer"
                },
                {
                    "name": "Armin Ronacher",
                    "email": "armin.ronacher@active-4.com",
                    "role": "Project Founder"
                },
                {
                    "name": "Twig Team",
                    "homepage": "https://twig.symfony.com/contributors",
                    "role": "Contributors"
                }
            ],
            "description": "Twig, the flexible, fast, and secure template language for PHP",
            "homepage": "https://twig.symfony.com",
            "keywords": [
                "templating"
            ],
            "time": "2019-03-23T14:27:19+00:00"
        }
    ],
    "packages-dev": [],
    "aliases": [],
    "minimum-stability": "stable",
    "stability-flags": [],
    "prefer-stable": false,
    "prefer-lowest": false,
    "platform": [],
    "platform-dev": []
}
